// !$*UTF8*$!
{
	archiveVersion = 1;
	classes = {
	};
	objectVersion = 55;
	objects = {

/* Begin PBXBuildFile section */
		412EEF6D2843B12D00A3E53C /* SmallCollectionViewCell.swift in Sources */ = {isa = PBXBuildFile; fileRef = 412EEF6B2843B12D00A3E53C /* SmallCollectionViewCell.swift */; };
		412EEF6E2843B12D00A3E53C /* SmallCollectionViewCell.xib in Resources */ = {isa = PBXBuildFile; fileRef = 412EEF6C2843B12D00A3E53C /* SmallCollectionViewCell.xib */; };
		419FDC36284244DF00DDEA6E /* AppDelegate.swift in Sources */ = {isa = PBXBuildFile; fileRef = 419FDC35284244DF00DDEA6E /* AppDelegate.swift */; };
		419FDC38284244DF00DDEA6E /* SceneDelegate.swift in Sources */ = {isa = PBXBuildFile; fileRef = 419FDC37284244DF00DDEA6E /* SceneDelegate.swift */; };
		419FDC3A284244DF00DDEA6E /* ViewController.swift in Sources */ = {isa = PBXBuildFile; fileRef = 419FDC39284244DF00DDEA6E /* ViewController.swift */; };
		419FDC3D284244DF00DDEA6E /* Main.storyboard in Resources */ = {isa = PBXBuildFile; fileRef = 419FDC3B284244DF00DDEA6E /* Main.storyboard */; };
		419FDC3F284244E000DDEA6E /* Assets.xcassets in Resources */ = {isa = PBXBuildFile; fileRef = 419FDC3E284244E000DDEA6E /* Assets.xcassets */; };
		419FDC42284244E000DDEA6E /* LaunchScreen.storyboard in Resources */ = {isa = PBXBuildFile; fileRef = 419FDC40284244E000DDEA6E /* LaunchScreen.storyboard */; };
		419FDC4E2842577300DDEA6E /* BigCellCollectionViewCell.swift in Sources */ = {isa = PBXBuildFile; fileRef = 419FDC4C2842577300DDEA6E /* BigCellCollectionViewCell.swift */; };
		419FDC4F2842577300DDEA6E /* BigCellCollectionViewCell.xib in Resources */ = {isa = PBXBuildFile; fileRef = 419FDC4D2842577300DDEA6E /* BigCellCollectionViewCell.xib */; };
		419FDC5228425A0F00DDEA6E /* Network.swift in Sources */ = {isa = PBXBuildFile; fileRef = 419FDC5128425A0F00DDEA6E /* Network.swift */; };
		419FDC5528425A2F00DDEA6E /* Kingfisher in Frameworks */ = {isa = PBXBuildFile; productRef = 419FDC5428425A2F00DDEA6E /* Kingfisher */; };
		419FDC5828425A3C00DDEA6E /* Alamofire in Frameworks */ = {isa = PBXBuildFile; productRef = 419FDC5728425A3C00DDEA6E /* Alamofire */; };
		419FDC5B28425A5E00DDEA6E /* UIImageViewExtension.swift in Sources */ = {isa = PBXBuildFile; fileRef = 419FDC5A28425A5E00DDEA6E /* UIImageViewExtension.swift */; };
		41B8A40A2849237600A532F8 /* DetailViewController.swift in Sources */ = {isa = PBXBuildFile; fileRef = 41B8A4082849237600A532F8 /* DetailViewController.swift */; };
		41B8A40B2849237600A532F8 /* DetailViewController.xib in Resources */ = {isa = PBXBuildFile; fileRef = 41B8A4092849237600A532F8 /* DetailViewController.xib */; };
/* End PBXBuildFile section */

/* Begin PBXFileReference section */
		412EEF6B2843B12D00A3E53C /* SmallCollectionViewCell.swift */ = {isa = PBXFileReference; lastKnownFileType = sourcecode.swift; path = SmallCollectionViewCell.swift; sourceTree = "<group>"; };
		412EEF6C2843B12D00A3E53C /* SmallCollectionViewCell.xib */ = {isa = PBXFileReference; lastKnownFileType = file.xib; path = SmallCollectionViewCell.xib; sourceTree = "<group>"; };
		419FDC32284244DF00DDEA6E /* GamingApp.app */ = {isa = PBXFileReference; explicitFileType = wrapper.application; includeInIndex = 0; path = GamingApp.app; sourceTree = BUILT_PRODUCTS_DIR; };
		419FDC35284244DF00DDEA6E /* AppDelegate.swift */ = {isa = PBXFileReference; lastKnownFileType = sourcecode.swift; path = AppDelegate.swift; sourceTree = "<group>"; };
		419FDC37284244DF00DDEA6E /* SceneDelegate.swift */ = {isa = PBXFileReference; lastKnownFileType = sourcecode.swift; path = SceneDelegate.swift; sourceTree = "<group>"; };
		419FDC39284244DF00DDEA6E /* ViewController.swift */ = {isa = PBXFileReference; lastKnownFileType = sourcecode.swift; path = ViewController.swift; sourceTree = "<group>"; };
		419FDC3C284244DF00DDEA6E /* Base */ = {isa = PBXFileReference; lastKnownFileType = file.storyboard; name = Base; path = Base.lproj/Main.storyboard; sourceTree = "<group>"; };
		419FDC3E284244E000DDEA6E /* Assets.xcassets */ = {isa = PBXFileReference; lastKnownFileType = folder.assetcatalog; path = Assets.xcassets; sourceTree = "<group>"; };
		419FDC41284244E000DDEA6E /* Base */ = {isa = PBXFileReference; lastKnownFileType = file.storyboard; name = Base; path = Base.lproj/LaunchScreen.storyboard; sourceTree = "<group>"; };
		419FDC43284244E000DDEA6E /* Info.plist */ = {isa = PBXFileReference; lastKnownFileType = text.plist.xml; path = Info.plist; sourceTree = "<group>"; };
		419FDC4C2842577300DDEA6E /* BigCellCollectionViewCell.swift */ = {isa = PBXFileReference; lastKnownFileType = sourcecode.swift; path = BigCellCollectionViewCell.swift; sourceTree = "<group>"; };
		419FDC4D2842577300DDEA6E /* BigCellCollectionViewCell.xib */ = {isa = PBXFileReference; lastKnownFileType = file.xib; path = BigCellCollectionViewCell.xib; sourceTree = "<group>"; };
		419FDC5128425A0F00DDEA6E /* Network.swift */ = {isa = PBXFileReference; lastKnownFileType = sourcecode.swift; path = Network.swift; sourceTree = "<group>"; };
		419FDC5A28425A5E00DDEA6E /* UIImageViewExtension.swift */ = {isa = PBXFileReference; lastKnownFileType = sourcecode.swift; path = UIImageViewExtension.swift; sourceTree = "<group>"; };
		41B8A4082849237600A532F8 /* DetailViewController.swift */ = {isa = PBXFileReference; lastKnownFileType = sourcecode.swift; path = DetailViewController.swift; sourceTree = "<group>"; };
		41B8A4092849237600A532F8 /* DetailViewController.xib */ = {isa = PBXFileReference; lastKnownFileType = file.xib; path = DetailViewController.xib; sourceTree = "<group>"; };
/* End PBXFileReference section */

/* Begin PBXFrameworksBuildPhase section */
		419FDC2F284244DF00DDEA6E /* Frameworks */ = {
			isa = PBXFrameworksBuildPhase;
			buildActionMask = 2147483647;
			files = (
				419FDC5528425A2F00DDEA6E /* Kingfisher in Frameworks */,
				419FDC5828425A3C00DDEA6E /* Alamofire in Frameworks */,
			);
			runOnlyForDeploymentPostprocessing = 0;
		};
/* End PBXFrameworksBuildPhase section */

/* Begin PBXGroup section */
		412EEF692843B0F500A3E53C /* Small Cell */ = {
			isa = PBXGroup;
			children = (
				412EEF6C2843B12D00A3E53C /* SmallCollectionViewCell.xib */,
				412EEF6B2843B12D00A3E53C /* SmallCollectionViewCell.swift */,
			);
			path = "Small Cell";
			sourceTree = "<group>";
		};
		412EEF6A2843B10300A3E53C /* Cells */ = {
			isa = PBXGroup;
			children = (
				412EEF692843B0F500A3E53C /* Small Cell */,
				419FDC4B2842575D00DDEA6E /* Big Cell */,
			);
			path = Cells;
			sourceTree = "<group>";
		};
		413B4908285601B400C55BDA /* Wishlist */ = {
			isa = PBXGroup;
			children = (
			);
			path = Wishlist;
			sourceTree = "<group>";
		};
		419FDC29284244DF00DDEA6E = {
			isa = PBXGroup;
			children = (
				419FDC34284244DF00DDEA6E /* GamingApp */,
				419FDC33284244DF00DDEA6E /* Products */,
			);
			sourceTree = "<group>";
		};
		419FDC33284244DF00DDEA6E /* Products */ = {
			isa = PBXGroup;
			children = (
				419FDC32284244DF00DDEA6E /* GamingApp.app */,
			);
			name = Products;
			sourceTree = "<group>";
		};
		419FDC34284244DF00DDEA6E /* GamingApp */ = {
			isa = PBXGroup;
			children = (
				419FDC5928425A5600DDEA6E /* Helper */,
				419FDC49284244E700DDEA6E /* Delegates */,
				419FDC50284259F900DDEA6E /* Network */,
				419FDC4A2842575500DDEA6E /* View */,
				419FDC3B284244DF00DDEA6E /* Main.storyboard */,
				419FDC3E284244E000DDEA6E /* Assets.xcassets */,
				419FDC40284244E000DDEA6E /* LaunchScreen.storyboard */,
				419FDC43284244E000DDEA6E /* Info.plist */,
			);
			path = GamingApp;
			sourceTree = "<group>";
		};
		419FDC49284244E700DDEA6E /* Delegates */ = {
			isa = PBXGroup;
			children = (
				419FDC35284244DF00DDEA6E /* AppDelegate.swift */,
				419FDC37284244DF00DDEA6E /* SceneDelegate.swift */,
			);
			path = Delegates;
			sourceTree = "<group>";
		};
		419FDC4A2842575500DDEA6E /* View */ = {
			isa = PBXGroup;
			children = (
				419FDC39284244DF00DDEA6E /* ViewController.swift */,
				413B4908285601B400C55BDA /* Wishlist */,
				41B8A4072849234A00A532F8 /* Detail Page */,
				412EEF6A2843B10300A3E53C /* Cells */,
			);
			path = View;
			sourceTree = "<group>";
		};
		419FDC4B2842575D00DDEA6E /* Big Cell */ = {
			isa = PBXGroup;
			children = (
				419FDC4D2842577300DDEA6E /* BigCellCollectionViewCell.xib */,
				419FDC4C2842577300DDEA6E /* BigCellCollectionViewCell.swift */,
			);
			path = "Big Cell";
			sourceTree = "<group>";
		};
		419FDC50284259F900DDEA6E /* Network */ = {
			isa = PBXGroup;
			children = (
				419FDC5128425A0F00DDEA6E /* Network.swift */,
			);
			path = Network;
			sourceTree = "<group>";
		};
		419FDC5928425A5600DDEA6E /* Helper */ = {
			isa = PBXGroup;
			children = (
				419FDC5A28425A5E00DDEA6E /* UIImageViewExtension.swift */,
			);
			path = Helper;
			sourceTree = "<group>";
		};
		41B8A4072849234A00A532F8 /* Detail Page */ = {
			isa = PBXGroup;
			children = (
				41B8A4092849237600A532F8 /* DetailViewController.xib */,
				41B8A4082849237600A532F8 /* DetailViewController.swift */,
			);
			path = "Detail Page";
			sourceTree = "<group>";
		};
/* End PBXGroup section */

/* Begin PBXNativeTarget section */
		419FDC31284244DF00DDEA6E /* GamingApp */ = {
			isa = PBXNativeTarget;
			buildConfigurationList = 419FDC46284244E000DDEA6E /* Build configuration list for PBXNativeTarget "GamingApp" */;
			buildPhases = (
				419FDC2E284244DF00DDEA6E /* Sources */,
				419FDC2F284244DF00DDEA6E /* Frameworks */,
				419FDC30284244DF00DDEA6E /* Resources */,
			);
			buildRules = (
			);
			dependencies = (
			);
			name = GamingApp;
			packageProductDependencies = (
				419FDC5428425A2F00DDEA6E /* Kingfisher */,
				419FDC5728425A3C00DDEA6E /* Alamofire */,
			);
			productName = GamingApp;
			productReference = 419FDC32284244DF00DDEA6E /* GamingApp.app */;
			productType = "com.apple.product-type.application";
		};
/* End PBXNativeTarget section */

/* Begin PBXProject section */
		419FDC2A284244DF00DDEA6E /* Project object */ = {
			isa = PBXProject;
			attributes = {
				BuildIndependentTargetsInParallel = 1;
				LastSwiftUpdateCheck = 1330;
				LastUpgradeCheck = 1330;
				TargetAttributes = {
					419FDC31284244DF00DDEA6E = {
						CreatedOnToolsVersion = 13.3;
					};
				};
			};
			buildConfigurationList = 419FDC2D284244DF00DDEA6E /* Build configuration list for PBXProject "GamingApp" */;
			compatibilityVersion = "Xcode 13.0";
			developmentRegion = en;
			hasScannedForEncodings = 0;
			knownRegions = (
				en,
				Base,
			);
			mainGroup = 419FDC29284244DF00DDEA6E;
			packageReferences = (
				419FDC5328425A2F00DDEA6E /* XCRemoteSwiftPackageReference "Kingfisher" */,
				419FDC5628425A3C00DDEA6E /* XCRemoteSwiftPackageReference "Alamofire" */,
			);
			productRefGroup = 419FDC33284244DF00DDEA6E /* Products */;
			projectDirPath = "";
			projectRoot = "";
			targets = (
				419FDC31284244DF00DDEA6E /* GamingApp */,
			);
		};
/* End PBXProject section */

/* Begin PBXResourcesBuildPhase section */
		419FDC30284244DF00DDEA6E /* Resources */ = {
			isa = PBXResourcesBuildPhase;
			buildActionMask = 2147483647;
			files = (
				419FDC42284244E000DDEA6E /* LaunchScreen.storyboard in Resources */,
				41B8A40B2849237600A532F8 /* DetailViewController.xib in Resources */,
				419FDC3F284244E000DDEA6E /* Assets.xcassets in Resources */,
				419FDC3D284244DF00DDEA6E /* Main.storyboard in Resources */,
				419FDC4F2842577300DDEA6E /* BigCellCollectionViewCell.xib in Resources */,
				412EEF6E2843B12D00A3E53C /* SmallCollectionViewCell.xib in Resources */,
			);
			runOnlyForDeploymentPostprocessing = 0;
		};
/* End PBXResourcesBuildPhase section */

/* Begin PBXSourcesBuildPhase section */
		419FDC2E284244DF00DDEA6E /* Sources */ = {
			isa = PBXSourcesBuildPhase;
			buildActionMask = 2147483647;
			files = (
				412EEF6D2843B12D00A3E53C /* SmallCollectionViewCell.swift in Sources */,
				419FDC5228425A0F00DDEA6E /* Network.swift in Sources */,
				419FDC3A284244DF00DDEA6E /* ViewController.swift in Sources */,
				419FDC5B28425A5E00DDEA6E /* UIImageViewExtension.swift in Sources */,
				419FDC36284244DF00DDEA6E /* AppDelegate.swift in Sources */,
				419FDC38284244DF00DDEA6E /* SceneDelegate.swift in Sources */,
				419FDC4E2842577300DDEA6E /* BigCellCollectionViewCell.swift in Sources */,
				41B8A40A2849237600A532F8 /* DetailViewController.swift in Sources */,
			);
			runOnlyForDeploymentPostprocessing = 0;
		};
/* End PBXSourcesBuildPhase section */

/* Begin PBXVariantGroup section */
		419FDC3B284244DF00DDEA6E /* Main.storyboard */ = {
			isa = PBXVariantGroup;
			children = (
				419FDC3C284244DF00DDEA6E /* Base */,
			);
			name = Main.storyboard;
			sourceTree = "<group>";
		};
		419FDC40284244E000DDEA6E /* LaunchScreen.storyboard */ = {
			isa = PBXVariantGroup;
			children = (
				419FDC41284244E000DDEA6E /* Base */,
			);
			name = LaunchScreen.storyboard;
			sourceTree = "<group>";
		};
/* End PBXVariantGroup section */

/* Begin XCBuildConfiguration section */
		419FDC44284244E000DDEA6E /* Debug */ = {
			isa = XCBuildConfiguration;
			buildSettings = {
				ALWAYS_SEARCH_USER_PATHS = NO;
				CLANG_ANALYZER_NONNULL = YES;
				CLANG_ANALYZER_NUMBER_OBJECT_CONVERSION = YES_AGGRESSIVE;
				CLANG_CXX_LANGUAGE_STANDARD = "gnu++17";
				CLANG_ENABLE_MODULES = YES;
				CLANG_ENABLE_OBJC_ARC = YES;
				CLANG_ENABLE_OBJC_WEAK = YES;
				CLANG_WARN_BLOCK_CAPTURE_AUTORELEASING = YES;
				CLANG_WARN_BOOL_CONVERSION = YES;
				CLANG_WARN_COMMA = YES;
				CLANG_WARN_CONSTANT_CONVERSION = YES;
				CLANG_WARN_DEPRECATED_OBJC_IMPLEMENTATIONS = YES;
				CLANG_WARN_DIRECT_OBJC_ISA_USAGE = YES_ERROR;
				CLANG_WARN_DOCUMENTATION_COMMENTS = YES;
				CLANG_WARN_EMPTY_BODY = YES;
				CLANG_WARN_ENUM_CONVERSION = YES;
				CLANG_WARN_INFINITE_RECURSION = YES;
				CLANG_WARN_INT_CONVERSION = YES;
				CLANG_WARN_NON_LITERAL_NULL_CONVERSION = YES;
				CLANG_WARN_OBJC_IMPLICIT_RETAIN_SELF = YES;
				CLANG_WARN_OBJC_LITERAL_CONVERSION = YES;
				CLANG_WARN_OBJC_ROOT_CLASS = YES_ERROR;
				CLANG_WARN_QUOTED_INCLUDE_IN_FRAMEWORK_HEADER = YES;
				CLANG_WARN_RANGE_LOOP_ANALYSIS = YES;
				CLANG_WARN_STRICT_PROTOTYPES = YES;
				CLANG_WARN_SUSPICIOUS_MOVE = YES;
				CLANG_WARN_UNGUARDED_AVAILABILITY = YES_AGGRESSIVE;
				CLANG_WARN_UNREACHABLE_CODE = YES;
				CLANG_WARN__DUPLICATE_METHOD_MATCH = YES;
				COPY_PHASE_STRIP = NO;
				DEBUG_INFORMATION_FORMAT = dwarf;
				ENABLE_STRICT_OBJC_MSGSEND = YES;
				ENABLE_TESTABILITY = YES;
				GCC_C_LANGUAGE_STANDARD = gnu11;
				GCC_DYNAMIC_NO_PIC = NO;
				GCC_NO_COMMON_BLOCKS = YES;
				GCC_OPTIMIZATION_LEVEL = 0;
				GCC_PREPROCESSOR_DEFINITIONS = (
					"DEBUG=1",
					"$(inherited)",
				);
				GCC_WARN_64_TO_32_BIT_CONVERSION = YES;
				GCC_WARN_ABOUT_RETURN_TYPE = YES_ERROR;
				GCC_WARN_UNDECLARED_SELECTOR = YES;
				GCC_WARN_UNINITIALIZED_AUTOS = YES_AGGRESSIVE;
				GCC_WARN_UNUSED_FUNCTION = YES;
				GCC_WARN_UNUSED_VARIABLE = YES;
				IPHONEOS_DEPLOYMENT_TARGET = 15.4;
				MTL_ENABLE_DEBUG_INFO = INCLUDE_SOURCE;
				MTL_FAST_MATH = YES;
				ONLY_ACTIVE_ARCH = YES;
				SDKROOT = iphoneos;
				SWIFT_ACTIVE_COMPILATION_CONDITIONS = DEBUG;
				SWIFT_OPTIMIZATION_LEVEL = "-Onone";
			};
			name = Debug;
		};
		419FDC45284244E000DDEA6E /* Release */ = {
			isa = XCBuildConfiguration;
			buildSettings = {
				ALWAYS_SEARCH_USER_PATHS = NO;
				CLANG_ANALYZER_NONNULL = YES;
				CLANG_ANALYZER_NUMBER_OBJECT_CONVERSION = YES_AGGRESSIVE;
				CLANG_CXX_LANGUAGE_STANDARD = "gnu++17";
				CLANG_ENABLE_MODULES = YES;
				CLANG_ENABLE_OBJC_ARC = YES;
				CLANG_ENABLE_OBJC_WEAK = YES;
				CLANG_WARN_BLOCK_CAPTURE_AUTORELEASING = YES;
				CLANG_WARN_BOOL_CONVERSION = YES;
				CLANG_WARN_COMMA = YES;
				CLANG_WARN_CONSTANT_CONVERSION = YES;
				CLANG_WARN_DEPRECATED_OBJC_IMPLEMENTATIONS = YES;
				CLANG_WARN_DIRECT_OBJC_ISA_USAGE = YES_ERROR;
				CLANG_WARN_DOCUMENTATION_COMMENTS = YES;
				CLANG_WARN_EMPTY_BODY = YES;
				CLANG_WARN_ENUM_CONVERSION = YES;
				CLANG_WARN_INFINITE_RECURSION = YES;
				CLANG_WARN_INT_CONVERSION = YES;
				CLANG_WARN_NON_LITERAL_NULL_CONVERSION = YES;
				CLANG_WARN_OBJC_IMPLICIT_RETAIN_SELF = YES;
				CLANG_WARN_OBJC_LITERAL_CONVERSION = YES;
				CLANG_WARN_OBJC_ROOT_CLASS = YES_ERROR;
				CLANG_WARN_QUOTED_INCLUDE_IN_FRAMEWORK_HEADER = YES;
				CLANG_WARN_RANGE_LOOP_ANALYSIS = YES;
				CLANG_WARN_STRICT_PROTOTYPES = YES;
				CLANG_WARN_SUSPICIOUS_MOVE = YES;
				CLANG_WARN_UNGUARDED_AVAILABILITY = YES_AGGRESSIVE;
				CLANG_WARN_UNREACHABLE_CODE = YES;
				CLANG_WARN__DUPLICATE_METHOD_MATCH = YES;
				COPY_PHASE_STRIP = NO;
				DEBUG_INFORMATION_FORMAT = "dwarf-with-dsym";
				ENABLE_NS_ASSERTIONS = NO;
				ENABLE_STRICT_OBJC_MSGSEND = YES;
				GCC_C_LANGUAGE_STANDARD = gnu11;
				GCC_NO_COMMON_BLOCKS = YES;
				GCC_WARN_64_TO_32_BIT_CONVERSION = YES;
				GCC_WARN_ABOUT_RETURN_TYPE = YES_ERROR;
				GCC_WARN_UNDECLARED_SELECTOR = YES;
				GCC_WARN_UNINITIALIZED_AUTOS = YES_AGGRESSIVE;
				GCC_WARN_UNUSED_FUNCTION = YES;
				GCC_WARN_UNUSED_VARIABLE = YES;
				IPHONEOS_DEPLOYMENT_TARGET = 15.4;
				MTL_ENABLE_DEBUG_INFO = NO;
				MTL_FAST_MATH = YES;
				SDKROOT = iphoneos;
				SWIFT_COMPILATION_MODE = wholemodule;
				SWIFT_OPTIMIZATION_LEVEL = "-O";
				VALIDATE_PRODUCT = YES;
			};
			name = Release;
		};
		419FDC47284244E000DDEA6E /* Debug */ = {
			isa = XCBuildConfiguration;
			buildSettings = {
				ASSETCATALOG_COMPILER_APPICON_NAME = AppIcon;
				ASSETCATALOG_COMPILER_GLOBAL_ACCENT_COLOR_NAME = AccentColor;
				CODE_SIGN_STYLE = Automatic;
				CURRENT_PROJECT_VERSION = 1;
				DEVELOPMENT_TEAM = W634M6PWQV;
				GENERATE_INFOPLIST_FILE = YES;
				INFOPLIST_FILE = GamingApp/Info.plist;
				INFOPLIST_KEY_UIApplicationSupportsIndirectInputEvents = YES;
				INFOPLIST_KEY_UILaunchStoryboardName = LaunchScreen;
				INFOPLIST_KEY_UIMainStoryboardFile = Main;
				INFOPLIST_KEY_UISupportedInterfaceOrientations_iPad = "UIInterfaceOrientationPortrait UIInterfaceOrientationPortraitUpsideDown UIInterfaceOrientationLandscapeLeft UIInterfaceOrientationLandscapeRight";
				INFOPLIST_KEY_UISupportedInterfaceOrientations_iPhone = "UIInterfaceOrientationPortrait UIInterfaceOrientationLandscapeLeft UIInterfaceOrientationLandscapeRight";
				LD_RUNPATH_SEARCH_PATHS = (
					"$(inherited)",
					"@executable_path/Frameworks",
				);
				MARKETING_VERSION = 1.0;
				PRODUCT_BUNDLE_IDENTIFIER = ali.kolukirik.GamingApp;
				PRODUCT_NAME = "$(TARGET_NAME)";
				SWIFT_EMIT_LOC_STRINGS = YES;
				SWIFT_VERSION = 5.0;
				TARGETED_DEVICE_FAMILY = "1,2";
			};
			name = Debug;
		};
		419FDC48284244E000DDEA6E /* Release */ = {
			isa = XCBuildConfiguration;
			buildSettings = {
				ASSETCATALOG_COMPILER_APPICON_NAME = AppIcon;
				ASSETCATALOG_COMPILER_GLOBAL_ACCENT_COLOR_NAME = AccentColor;
				CODE_SIGN_STYLE = Automatic;
				CURRENT_PROJECT_VERSION = 1;
				DEVELOPMENT_TEAM = W634M6PWQV;
				GENERATE_INFOPLIST_FILE = YES;
				INFOPLIST_FILE = GamingApp/Info.plist;
				INFOPLIST_KEY_UIApplicationSupportsIndirectInputEvents = YES;
				INFOPLIST_KEY_UILaunchStoryboardName = LaunchScreen;
				INFOPLIST_KEY_UIMainStoryboardFile = Main;
				INFOPLIST_KEY_UISupportedInterfaceOrientations_iPad = "UIInterfaceOrientationPortrait UIInterfaceOrientationPortraitUpsideDown UIInterfaceOrientationLandscapeLeft UIInterfaceOrientationLandscapeRight";
				INFOPLIST_KEY_UISupportedInterfaceOrientations_iPhone = "UIInterfaceOrientationPortrait UIInterfaceOrientationLandscapeLeft UIInterfaceOrientationLandscapeRight";
				LD_RUNPATH_SEARCH_PATHS = (
					"$(inherited)",
					"@executable_path/Frameworks",
				);
				MARKETING_VERSION = 1.0;
				PRODUCT_BUNDLE_IDENTIFIER = ali.kolukirik.GamingApp;
				PRODUCT_NAME = "$(TARGET_NAME)";
				SWIFT_EMIT_LOC_STRINGS = YES;
				SWIFT_VERSION = 5.0;
				TARGETED_DEVICE_FAMILY = "1,2";
			};
			name = Release;
		};
/* End XCBuildConfiguration section */

/* Begin XCConfigurationList section */
		419FDC2D284244DF00DDEA6E /* Build configuration list for PBXProject "GamingApp" */ = {
			isa = XCConfigurationList;
			buildConfigurations = (
				419FDC44284244E000DDEA6E /* Debug */,
				419FDC45284244E000DDEA6E /* Release */,
			);
			defaultConfigurationIsVisible = 0;
			defaultConfigurationName = Release;
		};
		419FDC46284244E000DDEA6E /* Build configuration list for PBXNativeTarget "GamingApp" */ = {
			isa = XCConfigurationList;
			buildConfigurations = (
				419FDC47284244E000DDEA6E /* Debug */,
				419FDC48284244E000DDEA6E /* Release */,
			);
			defaultConfigurationIsVisible = 0;
			defaultConfigurationName = Release;
		};
/* End XCConfigurationList section */

/* Begin XCRemoteSwiftPackageReference section */
		419FDC5328425A2F00DDEA6E /* XCRemoteSwiftPackageReference "Kingfisher" */ = {
			isa = XCRemoteSwiftPackageReference;
			repositoryURL = "https://github.com/onevcat/Kingfisher";
			requirement = {
				branch = master;
				kind = branch;
			};
		};
		419FDC5628425A3C00DDEA6E /* XCRemoteSwiftPackageReference "Alamofire" */ = {
			isa = XCRemoteSwiftPackageReference;
			repositoryURL = "https://github.com/Alamofire/Alamofire";
			requirement = {
				branch = master;
				kind = branch;
			};
		};
/* End XCRemoteSwiftPackageReference section */

/* Begin XCSwiftPackageProductDependency section */
		419FDC5428425A2F00DDEA6E /* Kingfisher */ = {
			isa = XCSwiftPackageProductDependency;
			package = 419FDC5328425A2F00DDEA6E /* XCRemoteSwiftPackageReference "Kingfisher" */;
			productName = Kingfisher;
		};
		419FDC5728425A3C00DDEA6E /* Alamofire */ = {
			isa = XCSwiftPackageProductDependency;
			package = 419FDC5628425A3C00DDEA6E /* XCRemoteSwiftPackageReference "Alamofire" */;
			productName = Alamofire;
		};
/* End XCSwiftPackageProductDependency section */
	};
	rootObject = 419FDC2A284244DF00DDEA6E /* Project object */;
}
