// !$*UTF8*$!
{
	archiveVersion = 1;
	classes = {
	};
	objectVersion = 55;
	objects = {

/* Begin PBXBuildFile section */
		41A907D4280FE6D4006BD104 /* AppDelegate.swift in Sources */ = {isa = PBXBuildFile; fileRef = 41A907D3280FE6D4006BD104 /* AppDelegate.swift */; };
		41A907D6280FE6D4006BD104 /* SceneDelegate.swift in Sources */ = {isa = PBXBuildFile; fileRef = 41A907D5280FE6D4006BD104 /* SceneDelegate.swift */; };
		41A907D8280FE6D4006BD104 /* ViewController.swift in Sources */ = {isa = PBXBuildFile; fileRef = 41A907D7280FE6D4006BD104 /* ViewController.swift */; };
		41A907DB280FE6D4006BD104 /* Main.storyboard in Resources */ = {isa = PBXBuildFile; fileRef = 41A907D9280FE6D4006BD104 /* Main.storyboard */; };
		41A907DD280FE6DA006BD104 /* Assets.xcassets in Resources */ = {isa = PBXBuildFile; fileRef = 41A907DC280FE6DA006BD104 /* Assets.xcassets */; };
		41A907E0280FE6DA006BD104 /* LaunchScreen.storyboard in Resources */ = {isa = PBXBuildFile; fileRef = 41A907DE280FE6DA006BD104 /* LaunchScreen.storyboard */; };
		81376EFC849E47EBA2EAD2CE /* Pods_GoogleAdMobTest.framework in Frameworks */ = {isa = PBXBuildFile; fileRef = CD10F876A3DB9B3888242E39 /* Pods_GoogleAdMobTest.framework */; };
/* End PBXBuildFile section */

/* Begin PBXFileReference section */
		3D9F4F954EBF3145F5B54337 /* Pods-GoogleAdMobTest.release.xcconfig */ = {isa = PBXFileReference; includeInIndex = 1; lastKnownFileType = text.xcconfig; name = "Pods-GoogleAdMobTest.release.xcconfig"; path = "Target Support Files/Pods-GoogleAdMobTest/Pods-GoogleAdMobTest.release.xcconfig"; sourceTree = "<group>"; };
		41A907D0280FE6D4006BD104 /* GoogleAdMobTest.app */ = {isa = PBXFileReference; explicitFileType = wrapper.application; includeInIndex = 0; path = GoogleAdMobTest.app; sourceTree = BUILT_PRODUCTS_DIR; };
		41A907D3280FE6D4006BD104 /* AppDelegate.swift */ = {isa = PBXFileReference; lastKnownFileType = sourcecode.swift; path = AppDelegate.swift; sourceTree = "<group>"; };
		41A907D5280FE6D4006BD104 /* SceneDelegate.swift */ = {isa = PBXFileReference; lastKnownFileType = sourcecode.swift; path = SceneDelegate.swift; sourceTree = "<group>"; };
		41A907D7280FE6D4006BD104 /* ViewController.swift */ = {isa = PBXFileReference; lastKnownFileType = sourcecode.swift; path = ViewController.swift; sourceTree = "<group>"; };
		41A907DA280FE6D4006BD104 /* Base */ = {isa = PBXFileReference; lastKnownFileType = file.storyboard; name = Base; path = Base.lproj/Main.storyboard; sourceTree = "<group>"; };
		41A907DC280FE6DA006BD104 /* Assets.xcassets */ = {isa = PBXFileReference; lastKnownFileType = folder.assetcatalog; path = Assets.xcassets; sourceTree = "<group>"; };
		41A907DF280FE6DA006BD104 /* Base */ = {isa = PBXFileReference; lastKnownFileType = file.storyboard; name = Base; path = Base.lproj/LaunchScreen.storyboard; sourceTree = "<group>"; };
		41A907E1280FE6DA006BD104 /* Info.plist */ = {isa = PBXFileReference; lastKnownFileType = text.plist.xml; path = Info.plist; sourceTree = "<group>"; };
		515726FB6D5796418ADD1A06 /* Pods-GoogleAdMobTest.debug.xcconfig */ = {isa = PBXFileReference; includeInIndex = 1; lastKnownFileType = text.xcconfig; name = "Pods-GoogleAdMobTest.debug.xcconfig"; path = "Target Support Files/Pods-GoogleAdMobTest/Pods-GoogleAdMobTest.debug.xcconfig"; sourceTree = "<group>"; };
		CD10F876A3DB9B3888242E39 /* Pods_GoogleAdMobTest.framework */ = {isa = PBXFileReference; explicitFileType = wrapper.framework; includeInIndex = 0; path = Pods_GoogleAdMobTest.framework; sourceTree = BUILT_PRODUCTS_DIR; };
/* End PBXFileReference section */

/* Begin PBXFrameworksBuildPhase section */
		41A907CD280FE6D4006BD104 /* Frameworks */ = {
			isa = PBXFrameworksBuildPhase;
			buildActionMask = 2147483647;
			files = (
				81376EFC849E47EBA2EAD2CE /* Pods_GoogleAdMobTest.framework in Frameworks */,
			);
			runOnlyForDeploymentPostprocessing = 0;
		};
/* End PBXFrameworksBuildPhase section */

/* Begin PBXGroup section */
		41A907C7280FE6D4006BD104 = {
			isa = PBXGroup;
			children = (
				41A907D2280FE6D4006BD104 /* GoogleAdMobTest */,
				41A907D1280FE6D4006BD104 /* Products */,
				5B263478D1A59A943DDCAB56 /* Pods */,
				C76CC132D0F6DB575E4CBD4A /* Frameworks */,
			);
			sourceTree = "<group>";
		};
		41A907D1280FE6D4006BD104 /* Products */ = {
			isa = PBXGroup;
			children = (
				41A907D0280FE6D4006BD104 /* GoogleAdMobTest.app */,
			);
			name = Products;
			sourceTree = "<group>";
		};
		41A907D2280FE6D4006BD104 /* GoogleAdMobTest */ = {
			isa = PBXGroup;
			children = (
				41A907D3280FE6D4006BD104 /* AppDelegate.swift */,
				41A907D5280FE6D4006BD104 /* SceneDelegate.swift */,
				41A907D7280FE6D4006BD104 /* ViewController.swift */,
				41A907D9280FE6D4006BD104 /* Main.storyboard */,
				41A907DC280FE6DA006BD104 /* Assets.xcassets */,
				41A907DE280FE6DA006BD104 /* LaunchScreen.storyboard */,
				41A907E1280FE6DA006BD104 /* Info.plist */,
			);
			path = GoogleAdMobTest;
			sourceTree = "<group>";
		};
		5B263478D1A59A943DDCAB56 /* Pods */ = {
			isa = PBXGroup;
			children = (
				515726FB6D5796418ADD1A06 /* Pods-GoogleAdMobTest.debug.xcconfig */,
				3D9F4F954EBF3145F5B54337 /* Pods-GoogleAdMobTest.release.xcconfig */,
			);
			name = Pods;
			path = Pods;
			sourceTree = "<group>";
		};
		C76CC132D0F6DB575E4CBD4A /* Frameworks */ = {
			isa = PBXGroup;
			children = (
				CD10F876A3DB9B3888242E39 /* Pods_GoogleAdMobTest.framework */,
			);
			name = Frameworks;
			sourceTree = "<group>";
		};
/* End PBXGroup section */

/* Begin PBXNativeTarget section */
		41A907CF280FE6D4006BD104 /* GoogleAdMobTest */ = {
			isa = PBXNativeTarget;
			buildConfigurationList = 41A907E4280FE6DA006BD104 /* Build configuration list for PBXNativeTarget "GoogleAdMobTest" */;
			buildPhases = (
				91E14E3D1AABA8F0138A30CA /* [CP] Check Pods Manifest.lock */,
				41A907CC280FE6D4006BD104 /* Sources */,
				41A907CD280FE6D4006BD104 /* Frameworks */,
				41A907CE280FE6D4006BD104 /* Resources */,
				9B85D814A4594162D422A1FC /* [CP] Embed Pods Frameworks */,
			);
			buildRules = (
			);
			dependencies = (
			);
			name = GoogleAdMobTest;
			productName = GoogleAdMobTest;
			productReference = 41A907D0280FE6D4006BD104 /* GoogleAdMobTest.app */;
			productType = "com.apple.product-type.application";
		};
/* End PBXNativeTarget section */

/* Begin PBXProject section */
		41A907C8280FE6D4006BD104 /* Project object */ = {
			isa = PBXProject;
			attributes = {
				BuildIndependentTargetsInParallel = 1;
				LastSwiftUpdateCheck = 1330;
				LastUpgradeCheck = 1330;
				TargetAttributes = {
					41A907CF280FE6D4006BD104 = {
						CreatedOnToolsVersion = 13.3;
					};
				};
			};
			buildConfigurationList = 41A907CB280FE6D4006BD104 /* Build configuration list for PBXProject "GoogleAdMobTest" */;
			compatibilityVersion = "Xcode 13.0";
			developmentRegion = en;
			hasScannedForEncodings = 0;
			knownRegions = (
				en,
				Base,
			);
			mainGroup = 41A907C7280FE6D4006BD104;
			productRefGroup = 41A907D1280FE6D4006BD104 /* Products */;
			projectDirPath = "";
			projectRoot = "";
			targets = (
				41A907CF280FE6D4006BD104 /* GoogleAdMobTest */,
			);
		};
/* End PBXProject section */

/* Begin PBXResourcesBuildPhase section */
		41A907CE280FE6D4006BD104 /* Resources */ = {
			isa = PBXResourcesBuildPhase;
			buildActionMask = 2147483647;
			files = (
				41A907E0280FE6DA006BD104 /* LaunchScreen.storyboard in Resources */,
				41A907DD280FE6DA006BD104 /* Assets.xcassets in Resources */,
				41A907DB280FE6D4006BD104 /* Main.storyboard in Resources */,
			);
			runOnlyForDeploymentPostprocessing = 0;
		};
/* End PBXResourcesBuildPhase section */

/* Begin PBXShellScriptBuildPhase section */
		91E14E3D1AABA8F0138A30CA /* [CP] Check Pods Manifest.lock */ = {
			isa = PBXShellScriptBuildPhase;
			buildActionMask = 2147483647;
			files = (
			);
			inputFileListPaths = (
			);
			inputPaths = (
				"${PODS_PODFILE_DIR_PATH}/Podfile.lock",
				"${PODS_ROOT}/Manifest.lock",
			);
			name = "[CP] Check Pods Manifest.lock";
			outputFileListPaths = (
			);
			outputPaths = (
				"$(DERIVED_FILE_DIR)/Pods-GoogleAdMobTest-checkManifestLockResult.txt",
			);
			runOnlyForDeploymentPostprocessing = 0;
			shellPath = /bin/sh;
			shellScript = "diff \"${PODS_PODFILE_DIR_PATH}/Podfile.lock\" \"${PODS_ROOT}/Manifest.lock\" > /dev/null\nif [ $? != 0 ] ; then\n    # print error to STDERR\n    echo \"error: The sandbox is not in sync with the Podfile.lock. Run 'pod install' or update your CocoaPods installation.\" >&2\n    exit 1\nfi\n# This output is used by Xcode 'outputs' to avoid re-running this script phase.\necho \"SUCCESS\" > \"${SCRIPT_OUTPUT_FILE_0}\"\n";
			showEnvVarsInLog = 0;
		};
		9B85D814A4594162D422A1FC /* [CP] Embed Pods Frameworks */ = {
			isa = PBXShellScriptBuildPhase;
			buildActionMask = 2147483647;
			files = (
			);
			inputFileListPaths = (
				"${PODS_ROOT}/Target Support Files/Pods-GoogleAdMobTest/Pods-GoogleAdMobTest-frameworks-${CONFIGURATION}-input-files.xcfilelist",
			);
			name = "[CP] Embed Pods Frameworks";
			outputFileListPaths = (
				"${PODS_ROOT}/Target Support Files/Pods-GoogleAdMobTest/Pods-GoogleAdMobTest-frameworks-${CONFIGURATION}-output-files.xcfilelist",
			);
			runOnlyForDeploymentPostprocessing = 0;
			shellPath = /bin/sh;
			shellScript = "\"${PODS_ROOT}/Target Support Files/Pods-GoogleAdMobTest/Pods-GoogleAdMobTest-frameworks.sh\"\n";
			showEnvVarsInLog = 0;
		};
/* End PBXShellScriptBuildPhase section */

/* Begin PBXSourcesBuildPhase section */
		41A907CC280FE6D4006BD104 /* Sources */ = {
			isa = PBXSourcesBuildPhase;
			buildActionMask = 2147483647;
			files = (
				41A907D8280FE6D4006BD104 /* ViewController.swift in Sources */,
				41A907D4280FE6D4006BD104 /* AppDelegate.swift in Sources */,
				41A907D6280FE6D4006BD104 /* SceneDelegate.swift in Sources */,
			);
			runOnlyForDeploymentPostprocessing = 0;
		};
/* End PBXSourcesBuildPhase section */

/* Begin PBXVariantGroup section */
		41A907D9280FE6D4006BD104 /* Main.storyboard */ = {
			isa = PBXVariantGroup;
			children = (
				41A907DA280FE6D4006BD104 /* Base */,
			);
			name = Main.storyboard;
			sourceTree = "<group>";
		};
		41A907DE280FE6DA006BD104 /* LaunchScreen.storyboard */ = {
			isa = PBXVariantGroup;
			children = (
				41A907DF280FE6DA006BD104 /* Base */,
			);
			name = LaunchScreen.storyboard;
			sourceTree = "<group>";
		};
/* End PBXVariantGroup section */

/* Begin XCBuildConfiguration section */
		41A907E2280FE6DA006BD104 /* Debug */ = {
			isa = XCBuildConfiguration;
			buildSettings = {
				ALWAYS_SEARCH_USER_PATHS = NO;
				CLANG_ANALYZER_NONNULL = YES;
				CLANG_ANALYZER_NUMBER_OBJECT_CONVERSION = YES_AGGRESSIVE;
				CLANG_CXX_LANGUAGE_STANDARD = "gnu++17";
				CLANG_ENABLE_MODULES = YES;
				CLANG_ENABLE_OBJC_ARC = YES;
				CLANG_ENABLE_OBJC_WEAK = YES;
				CLANG_WARN_BLOCK_CAPTURE_AUTORELEASING = YES;
				CLANG_WARN_BOOL_CONVERSION = YES;
				CLANG_WARN_COMMA = YES;
				CLANG_WARN_CONSTANT_CONVERSION = YES;
				CLANG_WARN_DEPRECATED_OBJC_IMPLEMENTATIONS = YES;
				CLANG_WARN_DIRECT_OBJC_ISA_USAGE = YES_ERROR;
				CLANG_WARN_DOCUMENTATION_COMMENTS = YES;
				CLANG_WARN_EMPTY_BODY = YES;
				CLANG_WARN_ENUM_CONVERSION = YES;
				CLANG_WARN_INFINITE_RECURSION = YES;
				CLANG_WARN_INT_CONVERSION = YES;
				CLANG_WARN_NON_LITERAL_NULL_CONVERSION = YES;
				CLANG_WARN_OBJC_IMPLICIT_RETAIN_SELF = YES;
				CLANG_WARN_OBJC_LITERAL_CONVERSION = YES;
				CLANG_WARN_OBJC_ROOT_CLASS = YES_ERROR;
				CLANG_WARN_QUOTED_INCLUDE_IN_FRAMEWORK_HEADER = YES;
				CLANG_WARN_RANGE_LOOP_ANALYSIS = YES;
				CLANG_WARN_STRICT_PROTOTYPES = YES;
				CLANG_WARN_SUSPICIOUS_MOVE = YES;
				CLANG_WARN_UNGUARDED_AVAILABILITY = YES_AGGRESSIVE;
				CLANG_WARN_UNREACHABLE_CODE = YES;
				CLANG_WARN__DUPLICATE_METHOD_MATCH = YES;
				COPY_PHASE_STRIP = NO;
				DEBUG_INFORMATION_FORMAT = dwarf;
				ENABLE_STRICT_OBJC_MSGSEND = YES;
				ENABLE_TESTABILITY = YES;
				GCC_C_LANGUAGE_STANDARD = gnu11;
				GCC_DYNAMIC_NO_PIC = NO;
				GCC_NO_COMMON_BLOCKS = YES;
				GCC_OPTIMIZATION_LEVEL = 0;
				GCC_PREPROCESSOR_DEFINITIONS = (
					"DEBUG=1",
					"$(inherited)",
				);
				GCC_WARN_64_TO_32_BIT_CONVERSION = YES;
				GCC_WARN_ABOUT_RETURN_TYPE = YES_ERROR;
				GCC_WARN_UNDECLARED_SELECTOR = YES;
				GCC_WARN_UNINITIALIZED_AUTOS = YES_AGGRESSIVE;
				GCC_WARN_UNUSED_FUNCTION = YES;
				GCC_WARN_UNUSED_VARIABLE = YES;
				IPHONEOS_DEPLOYMENT_TARGET = 15.4;
				MTL_ENABLE_DEBUG_INFO = INCLUDE_SOURCE;
				MTL_FAST_MATH = YES;
				ONLY_ACTIVE_ARCH = YES;
				SDKROOT = iphoneos;
				SWIFT_ACTIVE_COMPILATION_CONDITIONS = DEBUG;
				SWIFT_OPTIMIZATION_LEVEL = "-Onone";
			};
			name = Debug;
		};
		41A907E3280FE6DA006BD104 /* Release */ = {
			isa = XCBuildConfiguration;
			buildSettings = {
				ALWAYS_SEARCH_USER_PATHS = NO;
				CLANG_ANALYZER_NONNULL = YES;
				CLANG_ANALYZER_NUMBER_OBJECT_CONVERSION = YES_AGGRESSIVE;
				CLANG_CXX_LANGUAGE_STANDARD = "gnu++17";
				CLANG_ENABLE_MODULES = YES;
				CLANG_ENABLE_OBJC_ARC = YES;
				CLANG_ENABLE_OBJC_WEAK = YES;
				CLANG_WARN_BLOCK_CAPTURE_AUTORELEASING = YES;
				CLANG_WARN_BOOL_CONVERSION = YES;
				CLANG_WARN_COMMA = YES;
				CLANG_WARN_CONSTANT_CONVERSION = YES;
				CLANG_WARN_DEPRECATED_OBJC_IMPLEMENTATIONS = YES;
				CLANG_WARN_DIRECT_OBJC_ISA_USAGE = YES_ERROR;
				CLANG_WARN_DOCUMENTATION_COMMENTS = YES;
				CLANG_WARN_EMPTY_BODY = YES;
				CLANG_WARN_ENUM_CONVERSION = YES;
				CLANG_WARN_INFINITE_RECURSION = YES;
				CLANG_WARN_INT_CONVERSION = YES;
				CLANG_WARN_NON_LITERAL_NULL_CONVERSION = YES;
				CLANG_WARN_OBJC_IMPLICIT_RETAIN_SELF = YES;
				CLANG_WARN_OBJC_LITERAL_CONVERSION = YES;
				CLANG_WARN_OBJC_ROOT_CLASS = YES_ERROR;
				CLANG_WARN_QUOTED_INCLUDE_IN_FRAMEWORK_HEADER = YES;
				CLANG_WARN_RANGE_LOOP_ANALYSIS = YES;
				CLANG_WARN_STRICT_PROTOTYPES = YES;
				CLANG_WARN_SUSPICIOUS_MOVE = YES;
				CLANG_WARN_UNGUARDED_AVAILABILITY = YES_AGGRESSIVE;
				CLANG_WARN_UNREACHABLE_CODE = YES;
				CLANG_WARN__DUPLICATE_METHOD_MATCH = YES;
				COPY_PHASE_STRIP = NO;
				DEBUG_INFORMATION_FORMAT = "dwarf-with-dsym";
				ENABLE_NS_ASSERTIONS = NO;
				ENABLE_STRICT_OBJC_MSGSEND = YES;
				GCC_C_LANGUAGE_STANDARD = gnu11;
				GCC_NO_COMMON_BLOCKS = YES;
				GCC_WARN_64_TO_32_BIT_CONVERSION = YES;
				GCC_WARN_ABOUT_RETURN_TYPE = YES_ERROR;
				GCC_WARN_UNDECLARED_SELECTOR = YES;
				GCC_WARN_UNINITIALIZED_AUTOS = YES_AGGRESSIVE;
				GCC_WARN_UNUSED_FUNCTION = YES;
				GCC_WARN_UNUSED_VARIABLE = YES;
				IPHONEOS_DEPLOYMENT_TARGET = 15.4;
				MTL_ENABLE_DEBUG_INFO = NO;
				MTL_FAST_MATH = YES;
				SDKROOT = iphoneos;
				SWIFT_COMPILATION_MODE = wholemodule;
				SWIFT_OPTIMIZATION_LEVEL = "-O";
				VALIDATE_PRODUCT = YES;
			};
			name = Release;
		};
		41A907E5280FE6DA006BD104 /* Debug */ = {
			isa = XCBuildConfiguration;
			baseConfigurationReference = 515726FB6D5796418ADD1A06 /* Pods-GoogleAdMobTest.debug.xcconfig */;
			buildSettings = {
				ASSETCATALOG_COMPILER_APPICON_NAME = AppIcon;
				ASSETCATALOG_COMPILER_GLOBAL_ACCENT_COLOR_NAME = AccentColor;
				CODE_SIGN_STYLE = Automatic;
				CURRENT_PROJECT_VERSION = 1;
				DEVELOPMENT_TEAM = W634M6PWQV;
				GENERATE_INFOPLIST_FILE = YES;
				INFOPLIST_FILE = GoogleAdMobTest/Info.plist;
				INFOPLIST_KEY_UIApplicationSupportsIndirectInputEvents = YES;
				INFOPLIST_KEY_UILaunchStoryboardName = LaunchScreen;
				INFOPLIST_KEY_UIMainStoryboardFile = Main;
				INFOPLIST_KEY_UISupportedInterfaceOrientations_iPad = "UIInterfaceOrientationPortrait UIInterfaceOrientationPortraitUpsideDown UIInterfaceOrientationLandscapeLeft UIInterfaceOrientationLandscapeRight";
				INFOPLIST_KEY_UISupportedInterfaceOrientations_iPhone = "UIInterfaceOrientationPortrait UIInterfaceOrientationLandscapeLeft UIInterfaceOrientationLandscapeRight";
				LD_RUNPATH_SEARCH_PATHS = (
					"$(inherited)",
					"@executable_path/Frameworks",
				);
				MARKETING_VERSION = 1.0;
				PRODUCT_BUNDLE_IDENTIFIER = ali.kolukirik.GoogleAdMobTest;
				PRODUCT_NAME = "$(TARGET_NAME)";
				SWIFT_EMIT_LOC_STRINGS = YES;
				SWIFT_VERSION = 5.0;
				TARGETED_DEVICE_FAMILY = 1;
			};
			name = Debug;
		};
		41A907E6280FE6DA006BD104 /* Release */ = {
			isa = XCBuildConfiguration;
			baseConfigurationReference = 3D9F4F954EBF3145F5B54337 /* Pods-GoogleAdMobTest.release.xcconfig */;
			buildSettings = {
				ASSETCATALOG_COMPILER_APPICON_NAME = AppIcon;
				ASSETCATALOG_COMPILER_GLOBAL_ACCENT_COLOR_NAME = AccentColor;
				CODE_SIGN_STYLE = Automatic;
				CURRENT_PROJECT_VERSION = 1;
				DEVELOPMENT_TEAM = W634M6PWQV;
				GENERATE_INFOPLIST_FILE = YES;
				INFOPLIST_FILE = GoogleAdMobTest/Info.plist;
				INFOPLIST_KEY_UIApplicationSupportsIndirectInputEvents = YES;
				INFOPLIST_KEY_UILaunchStoryboardName = LaunchScreen;
				INFOPLIST_KEY_UIMainStoryboardFile = Main;
				INFOPLIST_KEY_UISupportedInterfaceOrientations_iPad = "UIInterfaceOrientationPortrait UIInterfaceOrientationPortraitUpsideDown UIInterfaceOrientationLandscapeLeft UIInterfaceOrientationLandscapeRight";
				INFOPLIST_KEY_UISupportedInterfaceOrientations_iPhone = "UIInterfaceOrientationPortrait UIInterfaceOrientationLandscapeLeft UIInterfaceOrientationLandscapeRight";
				LD_RUNPATH_SEARCH_PATHS = (
					"$(inherited)",
					"@executable_path/Frameworks",
				);
				MARKETING_VERSION = 1.0;
				PRODUCT_BUNDLE_IDENTIFIER = ali.kolukirik.GoogleAdMobTest;
				PRODUCT_NAME = "$(TARGET_NAME)";
				SWIFT_EMIT_LOC_STRINGS = YES;
				SWIFT_VERSION = 5.0;
				TARGETED_DEVICE_FAMILY = 1;
			};
			name = Release;
		};
/* End XCBuildConfiguration section */

/* Begin XCConfigurationList section */
		41A907CB280FE6D4006BD104 /* Build configuration list for PBXProject "GoogleAdMobTest" */ = {
			isa = XCConfigurationList;
			buildConfigurations = (
				41A907E2280FE6DA006BD104 /* Debug */,
				41A907E3280FE6DA006BD104 /* Release */,
			);
			defaultConfigurationIsVisible = 0;
			defaultConfigurationName = Release;
		};
		41A907E4280FE6DA006BD104 /* Build configuration list for PBXNativeTarget "GoogleAdMobTest" */ = {
			isa = XCConfigurationList;
			buildConfigurations = (
				41A907E5280FE6DA006BD104 /* Debug */,
				41A907E6280FE6DA006BD104 /* Release */,
			);
			defaultConfigurationIsVisible = 0;
			defaultConfigurationName = Release;
		};
/* End XCConfigurationList section */
	};
	rootObject = 41A907C8280FE6D4006BD104 /* Project object */;
}
