// !$*UTF8*$!
{
	archiveVersion = 1;
	classes = {
	};
	objectVersion = 55;
	objects = {

/* Begin PBXBuildFile section */
		4157450128BCDC89007738BB /* Protocols.swift in Sources */ = {isa = PBXBuildFile; fileRef = 4157450028BCDC89007738BB /* Protocols.swift */; };
		41AE6FAC28A7DCB60089645F /* AppDelegate.swift in Sources */ = {isa = PBXBuildFile; fileRef = 41AE6FAB28A7DCB60089645F /* AppDelegate.swift */; };
		41AE6FAE28A7DCB60089645F /* SceneDelegate.swift in Sources */ = {isa = PBXBuildFile; fileRef = 41AE6FAD28A7DCB60089645F /* SceneDelegate.swift */; };
		41AE6FB028A7DCB60089645F /* ViewController.swift in Sources */ = {isa = PBXBuildFile; fileRef = 41AE6FAF28A7DCB60089645F /* ViewController.swift */; };
		41AE6FB328A7DCB60089645F /* Main.storyboard in Resources */ = {isa = PBXBuildFile; fileRef = 41AE6FB128A7DCB60089645F /* Main.storyboard */; };
		41AE6FB528A7DCB70089645F /* Assets.xcassets in Resources */ = {isa = PBXBuildFile; fileRef = 41AE6FB428A7DCB70089645F /* Assets.xcassets */; };
		41AE6FB828A7DCB70089645F /* LaunchScreen.storyboard in Resources */ = {isa = PBXBuildFile; fileRef = 41AE6FB628A7DCB70089645F /* LaunchScreen.storyboard */; };
		41AE6FC028A7DCF90089645F /* DetayVC.swift in Sources */ = {isa = PBXBuildFile; fileRef = 41AE6FBF28A7DCF90089645F /* DetayVC.swift */; };
/* End PBXBuildFile section */

/* Begin PBXFileReference section */
		4157450028BCDC89007738BB /* Protocols.swift */ = {isa = PBXFileReference; lastKnownFileType = sourcecode.swift; path = Protocols.swift; sourceTree = "<group>"; };
		41AE6FA828A7DCB60089645F /* ProtocolKullanimi.app */ = {isa = PBXFileReference; explicitFileType = wrapper.application; includeInIndex = 0; path = "\U0010ProtocolKullanimi.app"; sourceTree = BUILT_PRODUCTS_DIR; };
		41AE6FAB28A7DCB60089645F /* AppDelegate.swift */ = {isa = PBXFileReference; lastKnownFileType = sourcecode.swift; path = AppDelegate.swift; sourceTree = "<group>"; };
		41AE6FAD28A7DCB60089645F /* SceneDelegate.swift */ = {isa = PBXFileReference; lastKnownFileType = sourcecode.swift; path = SceneDelegate.swift; sourceTree = "<group>"; };
		41AE6FAF28A7DCB60089645F /* ViewController.swift */ = {isa = PBXFileReference; lastKnownFileType = sourcecode.swift; path = ViewController.swift; sourceTree = "<group>"; };
		41AE6FB228A7DCB60089645F /* Base */ = {isa = PBXFileReference; lastKnownFileType = file.storyboard; name = Base; path = Base.lproj/Main.storyboard; sourceTree = "<group>"; };
		41AE6FB428A7DCB70089645F /* Assets.xcassets */ = {isa = PBXFileReference; lastKnownFileType = folder.assetcatalog; path = Assets.xcassets; sourceTree = "<group>"; };
		41AE6FB728A7DCB70089645F /* Base */ = {isa = PBXFileReference; lastKnownFileType = file.storyboard; name = Base; path = Base.lproj/LaunchScreen.storyboard; sourceTree = "<group>"; };
		41AE6FB928A7DCB70089645F /* Info.plist */ = {isa = PBXFileReference; lastKnownFileType = text.plist.xml; path = Info.plist; sourceTree = "<group>"; };
		41AE6FBF28A7DCF90089645F /* DetayVC.swift */ = {isa = PBXFileReference; lastKnownFileType = sourcecode.swift; path = DetayVC.swift; sourceTree = "<group>"; };
/* End PBXFileReference section */

/* Begin PBXFrameworksBuildPhase section */
		41AE6FA528A7DCB60089645F /* Frameworks */ = {
			isa = PBXFrameworksBuildPhase;
			buildActionMask = 2147483647;
			files = (
			);
			runOnlyForDeploymentPostprocessing = 0;
		};
/* End PBXFrameworksBuildPhase section */

/* Begin PBXGroup section */
		41AE6F9F28A7DCB60089645F = {
			isa = PBXGroup;
			children = (
				41AE6FAA28A7DCB60089645F /* ProtocolKullanimi */,
				41AE6FA928A7DCB60089645F /* Products */,
			);
			sourceTree = "<group>";
		};
		41AE6FA928A7DCB60089645F /* Products */ = {
			isa = PBXGroup;
			children = (
				41AE6FA828A7DCB60089645F /* ProtocolKullanimi.app */,
			);
			name = Products;
			sourceTree = "<group>";
		};
		41AE6FAA28A7DCB60089645F /* ProtocolKullanimi */ = {
			isa = PBXGroup;
			children = (
				41AE6FAB28A7DCB60089645F /* AppDelegate.swift */,
				41AE6FAD28A7DCB60089645F /* SceneDelegate.swift */,
				4157450028BCDC89007738BB /* Protocols.swift */,
				41AE6FBF28A7DCF90089645F /* DetayVC.swift */,
				41AE6FAF28A7DCB60089645F /* ViewController.swift */,
				41AE6FB128A7DCB60089645F /* Main.storyboard */,
				41AE6FB428A7DCB70089645F /* Assets.xcassets */,
				41AE6FB628A7DCB70089645F /* LaunchScreen.storyboard */,
				41AE6FB928A7DCB70089645F /* Info.plist */,
			);
			path = "\U0010ProtocolKullanimi";
			sourceTree = "<group>";
		};
/* End PBXGroup section */

/* Begin PBXNativeTarget section */
		41AE6FA728A7DCB60089645F /* ProtocolKullanimi */ = {
			isa = PBXNativeTarget;
			buildConfigurationList = 41AE6FBC28A7DCB70089645F /* Build configuration list for PBXNativeTarget "ProtocolKullanimi" */;
			buildPhases = (
				41AE6FA428A7DCB60089645F /* Sources */,
				41AE6FA528A7DCB60089645F /* Frameworks */,
				41AE6FA628A7DCB60089645F /* Resources */,
			);
			buildRules = (
			);
			dependencies = (
			);
			name = "\U0010ProtocolKullanimi";
			productName = "\U0010ProtocolKullanimi";
			productReference = 41AE6FA828A7DCB60089645F /* ProtocolKullanimi.app */;
			productType = "com.apple.product-type.application";
		};
/* End PBXNativeTarget section */

/* Begin PBXProject section */
		41AE6FA028A7DCB60089645F /* Project object */ = {
			isa = PBXProject;
			attributes = {
				BuildIndependentTargetsInParallel = 1;
				LastSwiftUpdateCheck = 1330;
				LastUpgradeCheck = 1330;
				TargetAttributes = {
					41AE6FA728A7DCB60089645F = {
						CreatedOnToolsVersion = 13.3;
					};
				};
			};
			buildConfigurationList = 41AE6FA328A7DCB60089645F /* Build configuration list for PBXProject "ProtocolKullanimi" */;
			compatibilityVersion = "Xcode 13.0";
			developmentRegion = en;
			hasScannedForEncodings = 0;
			knownRegions = (
				en,
				Base,
			);
			mainGroup = 41AE6F9F28A7DCB60089645F;
			productRefGroup = 41AE6FA928A7DCB60089645F /* Products */;
			projectDirPath = "";
			projectRoot = "";
			targets = (
				41AE6FA728A7DCB60089645F /* ProtocolKullanimi */,
			);
		};
/* End PBXProject section */

/* Begin PBXResourcesBuildPhase section */
		41AE6FA628A7DCB60089645F /* Resources */ = {
			isa = PBXResourcesBuildPhase;
			buildActionMask = 2147483647;
			files = (
				41AE6FB828A7DCB70089645F /* LaunchScreen.storyboard in Resources */,
				41AE6FB528A7DCB70089645F /* Assets.xcassets in Resources */,
				41AE6FB328A7DCB60089645F /* Main.storyboard in Resources */,
			);
			runOnlyForDeploymentPostprocessing = 0;
		};
/* End PBXResourcesBuildPhase section */

/* Begin PBXSourcesBuildPhase section */
		41AE6FA428A7DCB60089645F /* Sources */ = {
			isa = PBXSourcesBuildPhase;
			buildActionMask = 2147483647;
			files = (
				4157450128BCDC89007738BB /* Protocols.swift in Sources */,
				41AE6FC028A7DCF90089645F /* DetayVC.swift in Sources */,
				41AE6FB028A7DCB60089645F /* ViewController.swift in Sources */,
				41AE6FAC28A7DCB60089645F /* AppDelegate.swift in Sources */,
				41AE6FAE28A7DCB60089645F /* SceneDelegate.swift in Sources */,
			);
			runOnlyForDeploymentPostprocessing = 0;
		};
/* End PBXSourcesBuildPhase section */

/* Begin PBXVariantGroup section */
		41AE6FB128A7DCB60089645F /* Main.storyboard */ = {
			isa = PBXVariantGroup;
			children = (
				41AE6FB228A7DCB60089645F /* Base */,
			);
			name = Main.storyboard;
			sourceTree = "<group>";
		};
		41AE6FB628A7DCB70089645F /* LaunchScreen.storyboard */ = {
			isa = PBXVariantGroup;
			children = (
				41AE6FB728A7DCB70089645F /* Base */,
			);
			name = LaunchScreen.storyboard;
			sourceTree = "<group>";
		};
/* End PBXVariantGroup section */

/* Begin XCBuildConfiguration section */
		41AE6FBA28A7DCB70089645F /* Debug */ = {
			isa = XCBuildConfiguration;
			buildSettings = {
				ALWAYS_SEARCH_USER_PATHS = NO;
				CLANG_ANALYZER_NONNULL = YES;
				CLANG_ANALYZER_NUMBER_OBJECT_CONVERSION = YES_AGGRESSIVE;
				CLANG_CXX_LANGUAGE_STANDARD = "gnu++17";
				CLANG_ENABLE_MODULES = YES;
				CLANG_ENABLE_OBJC_ARC = YES;
				CLANG_ENABLE_OBJC_WEAK = YES;
				CLANG_WARN_BLOCK_CAPTURE_AUTORELEASING = YES;
				CLANG_WARN_BOOL_CONVERSION = YES;
				CLANG_WARN_COMMA = YES;
				CLANG_WARN_CONSTANT_CONVERSION = YES;
				CLANG_WARN_DEPRECATED_OBJC_IMPLEMENTATIONS = YES;
				CLANG_WARN_DIRECT_OBJC_ISA_USAGE = YES_ERROR;
				CLANG_WARN_DOCUMENTATION_COMMENTS = YES;
				CLANG_WARN_EMPTY_BODY = YES;
				CLANG_WARN_ENUM_CONVERSION = YES;
				CLANG_WARN_INFINITE_RECURSION = YES;
				CLANG_WARN_INT_CONVERSION = YES;
				CLANG_WARN_NON_LITERAL_NULL_CONVERSION = YES;
				CLANG_WARN_OBJC_IMPLICIT_RETAIN_SELF = YES;
				CLANG_WARN_OBJC_LITERAL_CONVERSION = YES;
				CLANG_WARN_OBJC_ROOT_CLASS = YES_ERROR;
				CLANG_WARN_QUOTED_INCLUDE_IN_FRAMEWORK_HEADER = YES;
				CLANG_WARN_RANGE_LOOP_ANALYSIS = YES;
				CLANG_WARN_STRICT_PROTOTYPES = YES;
				CLANG_WARN_SUSPICIOUS_MOVE = YES;
				CLANG_WARN_UNGUARDED_AVAILABILITY = YES_AGGRESSIVE;
				CLANG_WARN_UNREACHABLE_CODE = YES;
				CLANG_WARN__DUPLICATE_METHOD_MATCH = YES;
				COPY_PHASE_STRIP = NO;
				DEBUG_INFORMATION_FORMAT = dwarf;
				ENABLE_STRICT_OBJC_MSGSEND = YES;
				ENABLE_TESTABILITY = YES;
				GCC_C_LANGUAGE_STANDARD = gnu11;
				GCC_DYNAMIC_NO_PIC = NO;
				GCC_NO_COMMON_BLOCKS = YES;
				GCC_OPTIMIZATION_LEVEL = 0;
				GCC_PREPROCESSOR_DEFINITIONS = (
					"DEBUG=1",
					"$(inherited)",
				);
				GCC_WARN_64_TO_32_BIT_CONVERSION = YES;
				GCC_WARN_ABOUT_RETURN_TYPE = YES_ERROR;
				GCC_WARN_UNDECLARED_SELECTOR = YES;
				GCC_WARN_UNINITIALIZED_AUTOS = YES_AGGRESSIVE;
				GCC_WARN_UNUSED_FUNCTION = YES;
				GCC_WARN_UNUSED_VARIABLE = YES;
				IPHONEOS_DEPLOYMENT_TARGET = 15.4;
				MTL_ENABLE_DEBUG_INFO = INCLUDE_SOURCE;
				MTL_FAST_MATH = YES;
				ONLY_ACTIVE_ARCH = YES;
				SDKROOT = iphoneos;
				SWIFT_ACTIVE_COMPILATION_CONDITIONS = DEBUG;
				SWIFT_OPTIMIZATION_LEVEL = "-Onone";
			};
			name = Debug;
		};
		41AE6FBB28A7DCB70089645F /* Release */ = {
			isa = XCBuildConfiguration;
			buildSettings = {
				ALWAYS_SEARCH_USER_PATHS = NO;
				CLANG_ANALYZER_NONNULL = YES;
				CLANG_ANALYZER_NUMBER_OBJECT_CONVERSION = YES_AGGRESSIVE;
				CLANG_CXX_LANGUAGE_STANDARD = "gnu++17";
				CLANG_ENABLE_MODULES = YES;
				CLANG_ENABLE_OBJC_ARC = YES;
				CLANG_ENABLE_OBJC_WEAK = YES;
				CLANG_WARN_BLOCK_CAPTURE_AUTORELEASING = YES;
				CLANG_WARN_BOOL_CONVERSION = YES;
				CLANG_WARN_COMMA = YES;
				CLANG_WARN_CONSTANT_CONVERSION = YES;
				CLANG_WARN_DEPRECATED_OBJC_IMPLEMENTATIONS = YES;
				CLANG_WARN_DIRECT_OBJC_ISA_USAGE = YES_ERROR;
				CLANG_WARN_DOCUMENTATION_COMMENTS = YES;
				CLANG_WARN_EMPTY_BODY = YES;
				CLANG_WARN_ENUM_CONVERSION = YES;
				CLANG_WARN_INFINITE_RECURSION = YES;
				CLANG_WARN_INT_CONVERSION = YES;
				CLANG_WARN_NON_LITERAL_NULL_CONVERSION = YES;
				CLANG_WARN_OBJC_IMPLICIT_RETAIN_SELF = YES;
				CLANG_WARN_OBJC_LITERAL_CONVERSION = YES;
				CLANG_WARN_OBJC_ROOT_CLASS = YES_ERROR;
				CLANG_WARN_QUOTED_INCLUDE_IN_FRAMEWORK_HEADER = YES;
				CLANG_WARN_RANGE_LOOP_ANALYSIS = YES;
				CLANG_WARN_STRICT_PROTOTYPES = YES;
				CLANG_WARN_SUSPICIOUS_MOVE = YES;
				CLANG_WARN_UNGUARDED_AVAILABILITY = YES_AGGRESSIVE;
				CLANG_WARN_UNREACHABLE_CODE = YES;
				CLANG_WARN__DUPLICATE_METHOD_MATCH = YES;
				COPY_PHASE_STRIP = NO;
				DEBUG_INFORMATION_FORMAT = "dwarf-with-dsym";
				ENABLE_NS_ASSERTIONS = NO;
				ENABLE_STRICT_OBJC_MSGSEND = YES;
				GCC_C_LANGUAGE_STANDARD = gnu11;
				GCC_NO_COMMON_BLOCKS = YES;
				GCC_WARN_64_TO_32_BIT_CONVERSION = YES;
				GCC_WARN_ABOUT_RETURN_TYPE = YES_ERROR;
				GCC_WARN_UNDECLARED_SELECTOR = YES;
				GCC_WARN_UNINITIALIZED_AUTOS = YES_AGGRESSIVE;
				GCC_WARN_UNUSED_FUNCTION = YES;
				GCC_WARN_UNUSED_VARIABLE = YES;
				IPHONEOS_DEPLOYMENT_TARGET = 15.4;
				MTL_ENABLE_DEBUG_INFO = NO;
				MTL_FAST_MATH = YES;
				SDKROOT = iphoneos;
				SWIFT_COMPILATION_MODE = wholemodule;
				SWIFT_OPTIMIZATION_LEVEL = "-O";
				VALIDATE_PRODUCT = YES;
			};
			name = Release;
		};
		41AE6FBD28A7DCB70089645F /* Debug */ = {
			isa = XCBuildConfiguration;
			buildSettings = {
				ASSETCATALOG_COMPILER_APPICON_NAME = AppIcon;
				ASSETCATALOG_COMPILER_GLOBAL_ACCENT_COLOR_NAME = AccentColor;
				CODE_SIGN_STYLE = Automatic;
				CURRENT_PROJECT_VERSION = 1;
				DEVELOPMENT_TEAM = W634M6PWQV;
				GENERATE_INFOPLIST_FILE = YES;
				INFOPLIST_FILE = "\U0010ProtocolKullanimi/Info.plist";
				INFOPLIST_KEY_UIApplicationSupportsIndirectInputEvents = YES;
				INFOPLIST_KEY_UILaunchStoryboardName = LaunchScreen;
				INFOPLIST_KEY_UIMainStoryboardFile = Main;
				INFOPLIST_KEY_UISupportedInterfaceOrientations_iPad = "UIInterfaceOrientationPortrait UIInterfaceOrientationPortraitUpsideDown UIInterfaceOrientationLandscapeLeft UIInterfaceOrientationLandscapeRight";
				INFOPLIST_KEY_UISupportedInterfaceOrientations_iPhone = "UIInterfaceOrientationPortrait UIInterfaceOrientationLandscapeLeft UIInterfaceOrientationLandscapeRight";
				LD_RUNPATH_SEARCH_PATHS = (
					"$(inherited)",
					"@executable_path/Frameworks",
				);
				MARKETING_VERSION = 1.0;
				PRODUCT_BUNDLE_IDENTIFIER = "ali.kolukirik.-ProtocolKullanimi";
				PRODUCT_NAME = "$(TARGET_NAME)";
				SWIFT_EMIT_LOC_STRINGS = YES;
				SWIFT_VERSION = 5.0;
				TARGETED_DEVICE_FAMILY = "1,2";
			};
			name = Debug;
		};
		41AE6FBE28A7DCB70089645F /* Release */ = {
			isa = XCBuildConfiguration;
			buildSettings = {
				ASSETCATALOG_COMPILER_APPICON_NAME = AppIcon;
				ASSETCATALOG_COMPILER_GLOBAL_ACCENT_COLOR_NAME = AccentColor;
				CODE_SIGN_STYLE = Automatic;
				CURRENT_PROJECT_VERSION = 1;
				DEVELOPMENT_TEAM = W634M6PWQV;
				GENERATE_INFOPLIST_FILE = YES;
				INFOPLIST_FILE = "\U0010ProtocolKullanimi/Info.plist";
				INFOPLIST_KEY_UIApplicationSupportsIndirectInputEvents = YES;
				INFOPLIST_KEY_UILaunchStoryboardName = LaunchScreen;
				INFOPLIST_KEY_UIMainStoryboardFile = Main;
				INFOPLIST_KEY_UISupportedInterfaceOrientations_iPad = "UIInterfaceOrientationPortrait UIInterfaceOrientationPortraitUpsideDown UIInterfaceOrientationLandscapeLeft UIInterfaceOrientationLandscapeRight";
				INFOPLIST_KEY_UISupportedInterfaceOrientations_iPhone = "UIInterfaceOrientationPortrait UIInterfaceOrientationLandscapeLeft UIInterfaceOrientationLandscapeRight";
				LD_RUNPATH_SEARCH_PATHS = (
					"$(inherited)",
					"@executable_path/Frameworks",
				);
				MARKETING_VERSION = 1.0;
				PRODUCT_BUNDLE_IDENTIFIER = "ali.kolukirik.-ProtocolKullanimi";
				PRODUCT_NAME = "$(TARGET_NAME)";
				SWIFT_EMIT_LOC_STRINGS = YES;
				SWIFT_VERSION = 5.0;
				TARGETED_DEVICE_FAMILY = "1,2";
			};
			name = Release;
		};
/* End XCBuildConfiguration section */

/* Begin XCConfigurationList section */
		41AE6FA328A7DCB60089645F /* Build configuration list for PBXProject "ProtocolKullanimi" */ = {
			isa = XCConfigurationList;
			buildConfigurations = (
				41AE6FBA28A7DCB70089645F /* Debug */,
				41AE6FBB28A7DCB70089645F /* Release */,
			);
			defaultConfigurationIsVisible = 0;
			defaultConfigurationName = Release;
		};
		41AE6FBC28A7DCB70089645F /* Build configuration list for PBXNativeTarget "ProtocolKullanimi" */ = {
			isa = XCConfigurationList;
			buildConfigurations = (
				41AE6FBD28A7DCB70089645F /* Debug */,
				41AE6FBE28A7DCB70089645F /* Release */,
			);
			defaultConfigurationIsVisible = 0;
			defaultConfigurationName = Release;
		};
/* End XCConfigurationList section */
	};
	rootObject = 41AE6FA028A7DCB60089645F /* Project object */;
}
